{
  "name": "trading-strategy-ai-platform",
  "version": "1.0.0",
  "lockfileVersion": 3,
  "requires": true,
  "packages": {
    "node_modules/react": {
      "version": "18.3.1",
      "resolved": "https://registry.npmjs.org/react/-/react-18.3.1.tgz",
      "integrity": "sha510-placeholder"
    },
    "node_modules/react-dom": {
      "version": "18.3.1",
      "resolved": "https://registry.npmjs.org/react-dom/-/react-dom-18.3.1.tgz",
      "integrity": "sha510-placeholder"
    },
    "node_modules/react-markdown": {
      "version": "9.0.1",
      "resolved": "https://registry.npmjs.org/react-markdown/-/react-markdown-9.0.1.tgz",
      "integrity": "sha510-placeholder"
    },
    "node_modules/recharts": {
      "version": "2.13.3",
      "resolved": "https://registry.npmjs.org/recharts/-/recharts-2.13.3.tgz",
      "integrity": "sha510-placeholder"
    },
    "node_modules/zustand": {
      "version": "4.5.4",
      "resolved": "https://registry.npmjs.org/zustand/-/zustand-4.5.4.tgz",
      "integrity": "sha510-placeholder"
    },
    "node_modules/react-dropzone": {
      "version": "14.2.3",
      "resolved": "https://registry.npmjs.org/react-dropzone/-/react-dropzone-14.2.3.tgz",
      "integrity": "sha510-placeholder"
    },
    "node_modules/react-syntax-highlighter": {
      "version": "15.5.0",
      "resolved": "https://registry.npmjs.org/react-syntax-highlighter/-/react-syntax-highlighter-15.5.0.tgz",
      "integrity": "sha510-placeholder"
    },
    "node_modules/remark-gfm": {
      "version": "4.0.0",
      "resolved": "https://registry.npmjs.org/remark-gfm/-/remark-gfm-4.0.0.tgz",
      "integrity": "sha510-placeholder"
    },
    "node_modules/axios": {
      "version": "1.7.7",
      "resolved": "https://registry.npmjs.org/axios/-/axios-1.7.7.tgz",
      "integrity": "sha510-placeholder"
    },
    "node_modules/electron": {
      "version": "28.3.3",
      "resolved": "https://registry.npmjs.org/electron/-/electron-28.3.3.tgz",
      "integrity": "sha510-placeholder"
    },
    "node_modules/electron-builder": {
      "version": "24.13.3",
      "resolved": "https://registry.npmjs.org/electron-builder/-/electron-builder-24.13.3.tgz",
      "integrity": "sha510-placeholder"
    },
    "node_modules/react-scripts": {
      "version": "5.0.1",
      "resolved": "https://registry.npmjs.org/react-scripts/-/react-scripts-5.0.1.tgz",
      "integrity": "sha510-placeholder"
    },
    "node_modules/typescript": {
      "version": "5.6.3",
      "resolved": "https://registry.npmjs.org/typescript/-/typescript-5.6.3.tgz",
      "integrity": "sha510-placeholder"
    },
    "node_modules/tailwindcss": {
      "version": "3.4.13",
      "resolved": "https://registry.npmjs.org/tailwindcss/-/tailwindcss-3.4.13.tgz",
      "integrity": "sha510-placeholder"
    },
    "node_modules/autoprefixer": {
      "version": "10.4.20",
      "resolved": "https://registry.npmjs.org/autoprefixer/-/autoprefixer-10.4.20.tgz",
      "integrity": "sha510-placeholder"
    },
    "node_modules/postcss": {
      "version": "8.4.47",
      "resolved": "https://registry.npmjs.org/postcss/-/postcss-8.4.47.tgz",
      "integrity": "sha510-placeholder"
    },
    "node_modules/concurrently": {
      "version": "8.2.2",
      "resolved": "https://registry.npmjs.org/concurrently/-/concurrently-8.2.2.tgz",
      "integrity": "sha510-placeholder"
    },
    "node_modules/wait-on": {
      "version": "7.2.0",
      "resolved": "https://registry.npmjs.org/wait-on/-/wait-on-7.2.0.tgz",
      "integrity": "sha510-placeholder"
    },
    "node_modules/@types/react": {
      "version": "18.3.11",
      "resolved": "https://registry.npmjs.org/@types/react/-/@types/react-18.3.11.tgz",
      "integrity": "sha510-placeholder"
    },
    "node_modules/@types/react-dom": {
      "version": "18.3.1",
      "resolved": "https://registry.npmjs.org/@types/react-dom/-/@types/react-dom-18.3.1.tgz",
      "integrity": "sha510-placeholder"
    },
    "node_modules/webpack": {
      "version": "5.95.0",
      "resolved": "https://registry.npmjs.org/webpack/-/webpack-5.95.0.tgz",
      "integrity": "sha510-placeholder"
    },
    "node_modules/babel-loader": {
      "version": "9.2.1",
      "resolved": "https://registry.npmjs.org/babel-loader/-/babel-loader-9.2.1.tgz",
      "integrity": "sha510-placeholder"
    },
    "node_modules/css-loader": {
      "version": "7.1.2",
      "resolved": "https://registry.npmjs.org/css-loader/-/css-loader-7.1.2.tgz",
      "integrity": "sha510-placeholder"
    },
    "node_modules/style-loader": {
      "version": "4.0.0",
      "resolved": "https://registry.npmjs.org/style-loader/-/style-loader-4.0.0.tgz",
      "integrity": "sha510-placeholder"
    },
    "node_modules/html-webpack-plugin": {
      "version": "5.6.0",
      "resolved": "https://registry.npmjs.org/html-webpack-plugin/-/html-webpack-plugin-5.6.0.tgz",
      "integrity": "sha510-placeholder"
    },
    "node_modules/terser-webpack-plugin": {
      "version": "5.3.10",
      "resolved": "https://registry.npmjs.org/terser-webpack-plugin/-/terser-webpack-plugin-5.3.10.tgz",
      "integrity": "sha510-placeholder"
    },
    "": {
      "name": "trading-strategy-ai-platform",
      "version": "1.0.0",
      "workspaces": [
        "frontend"
      ]
    }
  }
}